
Microsoft Visual Studio Solution File, Format Version 12.00
# Visual Studio Version 17
VisualStudioVersion = 17.5.002.0
MinimumVisualStudioVersion = 10.0.40219.1
Project("{2150E333-8FDC-42A3-9474-1A3956D46DE8}") = "sandbox", "sandbox", "{B473EA03-0F3C-4518-BC79-295CAEBABCEC}"
EndProject
Project("{9A19103F-16F7-4668-BE54-9A1E7A4F7556}") = "sandbox_project", "sandbox\sandbox_project\sandbox_project.csproj", "{537BA390-5AE2-41FE-AA22-6BC6F6E129FE}"
EndProject
Project("{2150E333-8FDC-42A3-9474-1A3956D46DE8}") = "week01", "week01", "{5E3A1D06-AFCF-41CF-BE1A-0E1EB418825C}"
EndProject
Project("{9A19103F-16F7-4668-BE54-9A1E7A4F7556}") = "analyze", "week01\analyze\analyze.csproj", "{6742C25E-A957-4C4D-B88F-04F654DF0A84}"
EndProject
Project("{9A19103F-16F7-4668-BE54-9A1E7A4F7556}") = "code", "week01\code\code.csproj", "{19135E0B-B8A2-4506-A8A7-2ED57CA2ED17}"
EndProject
Project("{9A19103F-16F7-4668-BE54-9A1E7A4F7556}") = "teach", "week01\teach\teach.csproj", "{CD8C9F7F-24E5-4777-91AD-46F41D80B559}"
EndProject
Project("{2150E333-8FDC-42A3-9474-1A3956D46DE8}") = "week02", "week02", "{32D1BD42-5B2D-46FD-B2D6-7F5F2243B438}"
EndProject
Project("{9A19103F-16F7-4668-BE54-9A1E7A4F7556}") = "analyze", "week02\analyze\analyze.csproj", "{F185A615-E306-4854-B66B-AE0939067988}"
EndProject
Project("{9A19103F-16F7-4668-BE54-9A1E7A4F7556}") = "code", "week02\code\code.csproj", "{AFBC71CC-6032-4273-914F-02380781458E}"
EndProject
Project("{9A19103F-16F7-4668-BE54-9A1E7A4F7556}") = "learn", "week02\learn\learn.csproj", "{576DBD53-42BF-4942-BD58-4AE834078997}"
EndProject
Project("{9A19103F-16F7-4668-BE54-9A1E7A4F7556}") = "teach", "week02\teach\teach.csproj", "{2263217C-BD77-455D-977F-59354673A1DB}"
EndProject
Project("{2150E333-8FDC-42A3-9474-1A3956D46DE8}") = "week03", "week03", "{0A3DC7BD-BDAF-42EA-A8B0-5244A8D089E9}"
EndProject
Project("{9A19103F-16F7-4668-BE54-9A1E7A4F7556}") = "code", "week03\code\code.csproj", "{6FF5E57F-2F07-4302-B429-E6A5834FA2C0}"
EndProject
Project("{9A19103F-16F7-4668-BE54-9A1E7A4F7556}") = "learn", "week03\learn\learn.csproj", "{1FF1EED5-EBBD-4756-97F7-D695E62B9333}"
EndProject
Project("{9A19103F-16F7-4668-BE54-9A1E7A4F7556}") = "teach", "week03\teach\teach.csproj", "{AF7C0DEA-5551-44D7-B021-AEE16DAB12C7}"
EndProject
Project("{2150E333-8FDC-42A3-9474-1A3956D46DE8}") = "week04", "week04", "{B4C82F42-1688-4404-AA6A-0BE70A8C22E8}"
EndProject
Project("{9A19103F-16F7-4668-BE54-9A1E7A4F7556}") = "code", "week04\code\code.csproj", "{31F24D88-C9BA-40E6-893F-81FE128DEE10}"
EndProject
Project("{2150E333-8FDC-42A3-9474-1A3956D46DE8}") = "week05", "week05", "{703E5D65-CBD4-4FC6-8024-C765980AD6DA}"
EndProject
Project("{9A19103F-16F7-4668-BE54-9A1E7A4F7556}") = "code", "week05\code\code.csproj", "{C258B2FC-D7DA-4D8F-AB3F-2A84278FEBF6}"
EndProject
Project("{2150E333-8FDC-42A3-9474-1A3956D46DE8}") = "week06", "week06", "{EE804292-5797-46A7-856C-9BE967348E6D}"
EndProject
Project("{9A19103F-16F7-4668-BE54-9A1E7A4F7556}") = "code", "week06\code\code.csproj", "{7F0BF26F-2C04-40AC-B65F-BD764EFBBE2F}"
EndProject
Global
	GlobalSection(SolutionConfigurationPlatforms) = preSolution
		Debug|Any CPU = Debug|Any CPU
		Release|Any CPU = Release|Any CPU
	EndGlobalSection
	GlobalSection(ProjectConfigurationPlatforms) = postSolution
		{537BA390-5AE2-41FE-AA22-6BC6F6E129FE}.Debug|Any CPU.ActiveCfg = Debug|Any CPU
		{537BA390-5AE2-41FE-AA22-6BC6F6E129FE}.Debug|Any CPU.Build.0 = Debug|Any CPU
		{537BA390-5AE2-41FE-AA22-6BC6F6E129FE}.Release|Any CPU.ActiveCfg = Release|Any CPU
		{537BA390-5AE2-41FE-AA22-6BC6F6E129FE}.Release|Any CPU.Build.0 = Release|Any CPU
		{6742C25E-A957-4C4D-B88F-04F654DF0A84}.Debug|Any CPU.ActiveCfg = Debug|Any CPU
		{6742C25E-A957-4C4D-B88F-04F654DF0A84}.Debug|Any CPU.Build.0 = Debug|Any CPU
		{6742C25E-A957-4C4D-B88F-04F654DF0A84}.Release|Any CPU.ActiveCfg = Release|Any CPU
		{6742C25E-A957-4C4D-B88F-04F654DF0A84}.Release|Any CPU.Build.0 = Release|Any CPU
		{19135E0B-B8A2-4506-A8A7-2ED57CA2ED17}.Debug|Any CPU.ActiveCfg = Debug|Any CPU
		{19135E0B-B8A2-4506-A8A7-2ED57CA2ED17}.Debug|Any CPU.Build.0 = Debug|Any CPU
		{19135E0B-B8A2-4506-A8A7-2ED57CA2ED17}.Release|Any CPU.ActiveCfg = Release|Any CPU
		{19135E0B-B8A2-4506-A8A7-2ED57CA2ED17}.Release|Any CPU.Build.0 = Release|Any CPU
		{CD8C9F7F-24E5-4777-91AD-46F41D80B559}.Debug|Any CPU.ActiveCfg = Debug|Any CPU
		{CD8C9F7F-24E5-4777-91AD-46F41D80B559}.Debug|Any CPU.Build.0 = Debug|Any CPU
		{CD8C9F7F-24E5-4777-91AD-46F41D80B559}.Release|Any CPU.ActiveCfg = Release|Any CPU
		{CD8C9F7F-24E5-4777-91AD-46F41D80B559}.Release|Any CPU.Build.0 = Release|Any CPU
		{F185A615-E306-4854-B66B-AE0939067988}.Debug|Any CPU.ActiveCfg = Debug|Any CPU
		{F185A615-E306-4854-B66B-AE0939067988}.Debug|Any CPU.Build.0 = Debug|Any CPU
		{F185A615-E306-4854-B66B-AE0939067988}.Release|Any CPU.ActiveCfg = Release|Any CPU
		{F185A615-E306-4854-B66B-AE0939067988}.Release|Any CPU.Build.0 = Release|Any CPU
		{AFBC71CC-6032-4273-914F-02380781458E}.Debug|Any CPU.ActiveCfg = Debug|Any CPU
		{AFBC71CC-6032-4273-914F-02380781458E}.Debug|Any CPU.Build.0 = Debug|Any CPU
		{AFBC71CC-6032-4273-914F-02380781458E}.Release|Any CPU.ActiveCfg = Release|Any CPU
		{AFBC71CC-6032-4273-914F-02380781458E}.Release|Any CPU.Build.0 = Release|Any CPU
		{576DBD53-42BF-4942-BD58-4AE834078997}.Debug|Any CPU.ActiveCfg = Debug|Any CPU
		{576DBD53-42BF-4942-BD58-4AE834078997}.Debug|Any CPU.Build.0 = Debug|Any CPU
		{576DBD53-42BF-4942-BD58-4AE834078997}.Release|Any CPU.ActiveCfg = Release|Any CPU
		{576DBD53-42BF-4942-BD58-4AE834078997}.Release|Any CPU.Build.0 = Release|Any CPU
		{2263217C-BD77-455D-977F-59354673A1DB}.Debug|Any CPU.ActiveCfg = Debug|Any CPU
		{2263217C-BD77-455D-977F-59354673A1DB}.Debug|Any CPU.Build.0 = Debug|Any CPU
		{2263217C-BD77-455D-977F-59354673A1DB}.Release|Any CPU.ActiveCfg = Release|Any CPU
		{2263217C-BD77-455D-977F-59354673A1DB}.Release|Any CPU.Build.0 = Release|Any CPU
		{6FF5E57F-2F07-4302-B429-E6A5834FA2C0}.Debug|Any CPU.ActiveCfg = Debug|Any CPU
		{6FF5E57F-2F07-4302-B429-E6A5834FA2C0}.Debug|Any CPU.Build.0 = Debug|Any CPU
		{6FF5E57F-2F07-4302-B429-E6A5834FA2C0}.Release|Any CPU.ActiveCfg = Release|Any CPU
		{6FF5E57F-2F07-4302-B429-E6A5834FA2C0}.Release|Any CPU.Build.0 = Release|Any CPU
		{1FF1EED5-EBBD-4756-97F7-D695E62B9333}.Debug|Any CPU.ActiveCfg = Debug|Any CPU
		{1FF1EED5-EBBD-4756-97F7-D695E62B9333}.Debug|Any CPU.Build.0 = Debug|Any CPU
		{1FF1EED5-EBBD-4756-97F7-D695E62B9333}.Release|Any CPU.ActiveCfg = Release|Any CPU
		{1FF1EED5-EBBD-4756-97F7-D695E62B9333}.Release|Any CPU.Build.0 = Release|Any CPU
		{AF7C0DEA-5551-44D7-B021-AEE16DAB12C7}.Debug|Any CPU.ActiveCfg = Debug|Any CPU
		{AF7C0DEA-5551-44D7-B021-AEE16DAB12C7}.Debug|Any CPU.Build.0 = Debug|Any CPU
		{AF7C0DEA-5551-44D7-B021-AEE16DAB12C7}.Release|Any CPU.ActiveCfg = Release|Any CPU
		{AF7C0DEA-5551-44D7-B021-AEE16DAB12C7}.Release|Any CPU.Build.0 = Release|Any CPU
		{31F24D88-C9BA-40E6-893F-81FE128DEE10}.Debug|Any CPU.ActiveCfg = Debug|Any CPU
		{31F24D88-C9BA-40E6-893F-81FE128DEE10}.Debug|Any CPU.Build.0 = Debug|Any CPU
		{31F24D88-C9BA-40E6-893F-81FE128DEE10}.Release|Any CPU.ActiveCfg = Release|Any CPU
		{31F24D88-C9BA-40E6-893F-81FE128DEE10}.Release|Any CPU.Build.0 = Release|Any CPU
		{C258B2FC-D7DA-4D8F-AB3F-2A84278FEBF6}.Debug|Any CPU.ActiveCfg = Debug|Any CPU
		{C258B2FC-D7DA-4D8F-AB3F-2A84278FEBF6}.Debug|Any CPU.Build.0 = Debug|Any CPU
		{C258B2FC-D7DA-4D8F-AB3F-2A84278FEBF6}.Release|Any CPU.ActiveCfg = Release|Any CPU
		{C258B2FC-D7DA-4D8F-AB3F-2A84278FEBF6}.Release|Any CPU.Build.0 = Release|Any CPU
		{7F0BF26F-2C04-40AC-B65F-BD764EFBBE2F}.Debug|Any CPU.ActiveCfg = Debug|Any CPU
		{7F0BF26F-2C04-40AC-B65F-BD764EFBBE2F}.Debug|Any CPU.Build.0 = Debug|Any CPU
		{7F0BF26F-2C04-40AC-B65F-BD764EFBBE2F}.Release|Any CPU.ActiveCfg = Release|Any CPU
		{7F0BF26F-2C04-40AC-B65F-BD764EFBBE2F}.Release|Any CPU.Build.0 = Release|Any CPU
	EndGlobalSection
	GlobalSection(SolutionProperties) = preSolution
		HideSolutionNode = FALSE
	EndGlobalSection
	GlobalSection(NestedProjects) = preSolution
		{537BA390-5AE2-41FE-AA22-6BC6F6E129FE} = {B473EA03-0F3C-4518-BC79-295CAEBABCEC}
		{6742C25E-A957-4C4D-B88F-04F654DF0A84} = {5E3A1D06-AFCF-41CF-BE1A-0E1EB418825C}
		{19135E0B-B8A2-4506-A8A7-2ED57CA2ED17} = {5E3A1D06-AFCF-41CF-BE1A-0E1EB418825C}
		{CD8C9F7F-24E5-4777-91AD-46F41D80B559} = {5E3A1D06-AFCF-41CF-BE1A-0E1EB418825C}
		{F185A615-E306-4854-B66B-AE0939067988} = {32D1BD42-5B2D-46FD-B2D6-7F5F2243B438}
		{AFBC71CC-6032-4273-914F-02380781458E} = {32D1BD42-5B2D-46FD-B2D6-7F5F2243B438}
		{576DBD53-42BF-4942-BD58-4AE834078997} = {32D1BD42-5B2D-46FD-B2D6-7F5F2243B438}
		{2263217C-BD77-455D-977F-59354673A1DB} = {32D1BD42-5B2D-46FD-B2D6-7F5F2243B438}
		{6FF5E57F-2F07-4302-B429-E6A5834FA2C0} = {0A3DC7BD-BDAF-42EA-A8B0-5244A8D089E9}
		{1FF1EED5-EBBD-4756-97F7-D695E62B9333} = {0A3DC7BD-BDAF-42EA-A8B0-5244A8D089E9}
		{AF7C0DEA-5551-44D7-B021-AEE16DAB12C7} = {0A3DC7BD-BDAF-42EA-A8B0-5244A8D089E9}
		{31F24D88-C9BA-40E6-893F-81FE128DEE10} = {B4C82F42-1688-4404-AA6A-0BE70A8C22E8}
		{C258B2FC-D7DA-4D8F-AB3F-2A84278FEBF6} = {703E5D65-CBD4-4FC6-8024-C765980AD6DA}
		{7F0BF26F-2C04-40AC-B65F-BD764EFBBE2F} = {EE804292-5797-46A7-856C-9BE967348E6D}
	EndGlobalSection
	GlobalSection(ExtensibilityGlobals) = postSolution
		SolutionGuid = {CB04A6F7-D5A8-479B-8B2C-0F316EC12B60}
	EndGlobalSection
EndGlobal
